
Microsoft Visual Studio Solution File, Format Version 12.00
# Visual Studio 15
VisualStudioVersion = 15.0.27703.2026
MinimumVisualStudioVersion = 10.0.40219.1
Project("{FAE04EC0-301F-11D3-BF4B-00C04F79EFBC}") = "ConsoleApp2", "ConsoleApp2\ConsoleApp2.csproj", "{9A5A9BF1-629E-4C23-81B4-73F18EBFDE34}"
EndProject
Global
	GlobalSection(SolutionConfigurationPlatforms) = preSolution
		Debug|Any CPU = Debug|Any CPU
		Release|Any CPU = Release|Any CPU
	EndGlobalSection
	GlobalSection(ProjectConfigurationPlatforms) = postSolution
		{9A5A9BF1-629E-4C23-81B4-73F18EBFDE34}.Debug|Any CPU.ActiveCfg = Debug|Any CPU
		{9A5A9BF1-629E-4C23-81B4-73F18EBFDE34}.Debug|Any CPU.Build.0 = Debug|Any CPU
		{9A5A9BF1-629E-4C23-81B4-73F18EBFDE34}.Release|Any CPU.ActiveCfg = Release|Any CPU
		{9A5A9BF1-629E-4C23-81B4-73F18EBFDE34}.Release|Any CPU.Build.0 = Release|Any CPU
	EndGlobalSection
	GlobalSection(SolutionProperties) = preSolution
		HideSolutionNode = FALSE
	EndGlobalSection
	GlobalSection(ExtensibilityGlobals) = postSolution
		SolutionGuid = {4B9B8DCF-EB6F-49F0-B630-1ED90C8DAC89}
	EndGlobalSection
EndGlobal
